
Microsoft Visual Studio Solution File, Format Version 12.00
# Visual Studio Version 17
VisualStudioVersion = 17.3.32825.248
MinimumVisualStudioVersion = 10.0.40219.1
Project("{FAE04EC0-301F-11D3-BF4B-00C04F79EFBC}") = "пианино3", "пианино3\пианино3.csproj", "{FB65726B-333A-4C99-99A3-48ED5418F03A}"
EndProject
Global
	GlobalSection(SolutionConfigurationPlatforms) = preSolution
		Debug|Any CPU = Debug|Any CPU
		Release|Any CPU = Release|Any CPU
	EndGlobalSection
	GlobalSection(ProjectConfigurationPlatforms) = postSolution
		{FB65726B-333A-4C99-99A3-48ED5418F03A}.Debug|Any CPU.ActiveCfg = Debug|Any CPU
		{FB65726B-333A-4C99-99A3-48ED5418F03A}.Debug|Any CPU.Build.0 = Debug|Any CPU
		{FB65726B-333A-4C99-99A3-48ED5418F03A}.Release|Any CPU.ActiveCfg = Release|Any CPU
		{FB65726B-333A-4C99-99A3-48ED5418F03A}.Release|Any CPU.Build.0 = Release|Any CPU
	EndGlobalSection
	GlobalSection(SolutionProperties) = preSolution
		HideSolutionNode = FALSE
	EndGlobalSection
	GlobalSection(ExtensibilityGlobals) = postSolution
		SolutionGuid = {4F3B1710-07C8-4B55-98E0-46F39D800831}
	EndGlobalSection
EndGlobal
